
Microsoft Visual Studio Solution File, Format Version 12.00
# Visual Studio 15
VisualStudioVersion = 15.0.27428.2037
MinimumVisualStudioVersion = 10.0.40219.1
Project("{FAE04EC0-301F-11D3-BF4B-00C04F79EFBC}") = "INCISE2018-MVC", "INCISE2018-MVC\INCISE2018-MVC.csproj", "{566B02A9-649F-4441-AE5B-0FEB81E9136B}"
EndProject
Global
	GlobalSection(SolutionConfigurationPlatforms) = preSolution
		Debug|Any CPU = Debug|Any CPU
		Release|Any CPU = Release|Any CPU
	EndGlobalSection
	GlobalSection(ProjectConfigurationPlatforms) = postSolution
		{566B02A9-649F-4441-AE5B-0FEB81E9136B}.Debug|Any CPU.ActiveCfg = Debug|Any CPU
		{566B02A9-649F-4441-AE5B-0FEB81E9136B}.Debug|Any CPU.Build.0 = Debug|Any CPU
		{566B02A9-649F-4441-AE5B-0FEB81E9136B}.Release|Any CPU.ActiveCfg = Release|Any CPU
		{566B02A9-649F-4441-AE5B-0FEB81E9136B}.Release|Any CPU.Build.0 = Release|Any CPU
	EndGlobalSection
	GlobalSection(SolutionProperties) = preSolution
		HideSolutionNode = FALSE
	EndGlobalSection
	GlobalSection(ExtensibilityGlobals) = postSolution
		SolutionGuid = {764B8803-34F5-4178-85FD-89476B5BD974}
	EndGlobalSection
EndGlobal
